// !$*UTF8*$!
{
	archiveVersion = 1;
	classes = {
	};
	objectVersion = 46;
	objects = {

/* Begin PBXBuildFile section */
		381924D81BC4066B005F8607 /* Interface.storyboard in Resources */ = {isa = PBXBuildFile; fileRef = 381924D61BC4066B005F8607 /* Interface.storyboard */; };
		381924DA1BC4066B005F8607 /* Assets.xcassets in Resources */ = {isa = PBXBuildFile; fileRef = 381924D91BC4066B005F8607 /* Assets.xcassets */; };
		381924E11BC4066C005F8607 /* watchkitapp Extension.appex in Embed App Extensions */ = {isa = PBXBuildFile; fileRef = 381924E01BC4066B005F8607 /* watchkitapp Extension.appex */; settings = {ATTRIBUTES = (RemoveHeadersOnCopy, ); }; };
		381924E81BC4066C005F8607 /* InterfaceController.swift in Sources */ = {isa = PBXBuildFile; fileRef = 381924E71BC4066C005F8607 /* InterfaceController.swift */; };
		381924EA1BC4066C005F8607 /* ExtensionDelegate.swift in Sources */ = {isa = PBXBuildFile; fileRef = 381924E91BC4066C005F8607 /* ExtensionDelegate.swift */; };
		381924EC1BC4066C005F8607 /* NotificationController.swift in Sources */ = {isa = PBXBuildFile; fileRef = 381924EB1BC4066C005F8607 /* NotificationController.swift */; };
		381924EE1BC4066C005F8607 /* Assets.xcassets in Resources */ = {isa = PBXBuildFile; fileRef = 381924ED1BC4066C005F8607 /* Assets.xcassets */; };
		381924F21BC4066C005F8607 /* watchkitapp.app in Embed Watch Content */ = {isa = PBXBuildFile; fileRef = 381924D41BC4066B005F8607 /* watchkitapp.app */; };
		38FADE1C1BB982A500B58AA6 /* AppDelegate.swift in Sources */ = {isa = PBXBuildFile; fileRef = 38FADE1B1BB982A500B58AA6 /* AppDelegate.swift */; };
		38FADE1E1BB982A500B58AA6 /* MasterViewController.swift in Sources */ = {isa = PBXBuildFile; fileRef = 38FADE1D1BB982A500B58AA6 /* MasterViewController.swift */; };
		38FADE201BB982A500B58AA6 /* DetailViewController.swift in Sources */ = {isa = PBXBuildFile; fileRef = 38FADE1F1BB982A500B58AA6 /* DetailViewController.swift */; };
		38FADE231BB982A500B58AA6 /* Main.storyboard in Resources */ = {isa = PBXBuildFile; fileRef = 38FADE211BB982A500B58AA6 /* Main.storyboard */; };
		38FADE251BB982A500B58AA6 /* Assets.xcassets in Resources */ = {isa = PBXBuildFile; fileRef = 38FADE241BB982A500B58AA6 /* Assets.xcassets */; };
		38FADE281BB982A500B58AA6 /* LaunchScreen.storyboard in Resources */ = {isa = PBXBuildFile; fileRef = 38FADE261BB982A500B58AA6 /* LaunchScreen.storyboard */; };
		38FADE331BB982A500B58AA6 /* ios_testTests.swift in Sources */ = {isa = PBXBuildFile; fileRef = 38FADE321BB982A500B58AA6 /* ios_testTests.swift */; };
		38FADE3E1BB982A500B58AA6 /* ios_testUITests.swift in Sources */ = {isa = PBXBuildFile; fileRef = 38FADE3D1BB982A500B58AA6 /* ios_testUITests.swift */; };
		783730EA22C0E61170C30EBD /* Pods.framework in Frameworks */ = {isa = PBXBuildFile; fileRef = F4614435E72BA320BF62FA50 /* Pods.framework */; settings = {ATTRIBUTES = (Weak, ); }; };
/* End PBXBuildFile section */

/* Begin PBXContainerItemProxy section */
		381924E21BC4066C005F8607 /* PBXContainerItemProxy */ = {
			isa = PBXContainerItemProxy;
			containerPortal = 38FADE101BB982A500B58AA6 /* Project object */;
			proxyType = 1;
			remoteGlobalIDString = 381924DF1BC4066B005F8607;
			remoteInfo = "watchkitapp Extension";
		};
		381924F01BC4066C005F8607 /* PBXContainerItemProxy */ = {
			isa = PBXContainerItemProxy;
			containerPortal = 38FADE101BB982A500B58AA6 /* Project object */;
			proxyType = 1;
			remoteGlobalIDString = 381924D31BC4066B005F8607;
			remoteInfo = watchkitapp;
		};
		38FADE2F1BB982A500B58AA6 /* PBXContainerItemProxy */ = {
			isa = PBXContainerItemProxy;
			containerPortal = 38FADE101BB982A500B58AA6 /* Project object */;
			proxyType = 1;
			remoteGlobalIDString = 38FADE171BB982A500B58AA6;
			remoteInfo = "ios-test";
		};
		38FADE3A1BB982A500B58AA6 /* PBXContainerItemProxy */ = {
			isa = PBXContainerItemProxy;
			containerPortal = 38FADE101BB982A500B58AA6 /* Project object */;
			proxyType = 1;
			remoteGlobalIDString = 38FADE171BB982A500B58AA6;
			remoteInfo = "ios-test";
		};
/* End PBXContainerItemProxy section */

/* Begin PBXCopyFilesBuildPhase section */
		381924F61BC4066C005F8607 /* Embed App Extensions */ = {
			isa = PBXCopyFilesBuildPhase;
			buildActionMask = 2147483647;
			dstPath = "";
			dstSubfolderSpec = 13;
			files = (
				381924E11BC4066C005F8607 /* watchkitapp Extension.appex in Embed App Extensions */,
			);
			name = "Embed App Extensions";
			runOnlyForDeploymentPostprocessing = 0;
		};
		381924FA1BC4066C005F8607 /* Embed Watch Content */ = {
			isa = PBXCopyFilesBuildPhase;
			buildActionMask = 2147483647;
			dstPath = "$(CONTENTS_FOLDER_PATH)/Watch";
			dstSubfolderSpec = 16;
			files = (
				381924F21BC4066C005F8607 /* watchkitapp.app in Embed Watch Content */,
			);
			name = "Embed Watch Content";
			runOnlyForDeploymentPostprocessing = 0;
		};
/* End PBXCopyFilesBuildPhase section */

/* Begin PBXFileReference section */
		14F2A4A7957168D2736FE75D /* Pods.release.xcconfig */ = {isa = PBXFileReference; includeInIndex = 1; lastKnownFileType = text.xcconfig; name = Pods.release.xcconfig; path = "../Pods/Target Support Files/Pods/Pods.release.xcconfig"; sourceTree = "<group>"; };
		267FD3041094AE110CC0BB3E /* Pods.debug.xcconfig */ = {isa = PBXFileReference; includeInIndex = 1; lastKnownFileType = text.xcconfig; name = Pods.debug.xcconfig; path = "../Pods/Target Support Files/Pods/Pods.debug.xcconfig"; sourceTree = "<group>"; };
		381924D41BC4066B005F8607 /* watchkitapp.app */ = {isa = PBXFileReference; explicitFileType = wrapper.application; includeInIndex = 0; path = watchkitapp.app; sourceTree = BUILT_PRODUCTS_DIR; };
		381924D71BC4066B005F8607 /* Base */ = {isa = PBXFileReference; lastKnownFileType = file.storyboard; name = Base; path = Base.lproj/Interface.storyboard; sourceTree = "<group>"; };
		381924D91BC4066B005F8607 /* Assets.xcassets */ = {isa = PBXFileReference; lastKnownFileType = folder.assetcatalog; path = Assets.xcassets; sourceTree = "<group>"; };
		381924DB1BC4066B005F8607 /* Info.plist */ = {isa = PBXFileReference; lastKnownFileType = text.plist.xml; path = Info.plist; sourceTree = "<group>"; };
		381924E01BC4066B005F8607 /* watchkitapp Extension.appex */ = {isa = PBXFileReference; explicitFileType = "wrapper.app-extension"; includeInIndex = 0; path = "watchkitapp Extension.appex"; sourceTree = BUILT_PRODUCTS_DIR; };
		381924E61BC4066C005F8607 /* PushNotificationPayload.apns */ = {isa = PBXFileReference; lastKnownFileType = text; path = PushNotificationPayload.apns; sourceTree = "<group>"; };
		381924E71BC4066C005F8607 /* InterfaceController.swift */ = {isa = PBXFileReference; lastKnownFileType = sourcecode.swift; path = InterfaceController.swift; sourceTree = "<group>"; };
		381924E91BC4066C005F8607 /* ExtensionDelegate.swift */ = {isa = PBXFileReference; lastKnownFileType = sourcecode.swift; path = ExtensionDelegate.swift; sourceTree = "<group>"; };
		381924EB1BC4066C005F8607 /* NotificationController.swift */ = {isa = PBXFileReference; lastKnownFileType = sourcecode.swift; path = NotificationController.swift; sourceTree = "<group>"; };
		381924ED1BC4066C005F8607 /* Assets.xcassets */ = {isa = PBXFileReference; lastKnownFileType = folder.assetcatalog; path = Assets.xcassets; sourceTree = "<group>"; };
		381924EF1BC4066C005F8607 /* Info.plist */ = {isa = PBXFileReference; lastKnownFileType = text.plist.xml; path = Info.plist; sourceTree = "<group>"; };
		38FADE181BB982A500B58AA6 /* ios-test.app */ = {isa = PBXFileReference; explicitFileType = wrapper.application; includeInIndex = 0; path = "ios-test.app"; sourceTree = BUILT_PRODUCTS_DIR; };
		38FADE1B1BB982A500B58AA6 /* AppDelegate.swift */ = {isa = PBXFileReference; lastKnownFileType = sourcecode.swift; path = AppDelegate.swift; sourceTree = "<group>"; };
		38FADE1D1BB982A500B58AA6 /* MasterViewController.swift */ = {isa = PBXFileReference; lastKnownFileType = sourcecode.swift; path = MasterViewController.swift; sourceTree = "<group>"; };
		38FADE1F1BB982A500B58AA6 /* DetailViewController.swift */ = {isa = PBXFileReference; lastKnownFileType = sourcecode.swift; path = DetailViewController.swift; sourceTree = "<group>"; };
		38FADE221BB982A500B58AA6 /* Base */ = {isa = PBXFileReference; lastKnownFileType = file.storyboard; name = Base; path = Base.lproj/Main.storyboard; sourceTree = "<group>"; };
		38FADE241BB982A500B58AA6 /* Assets.xcassets */ = {isa = PBXFileReference; lastKnownFileType = folder.assetcatalog; path = Assets.xcassets; sourceTree = "<group>"; };
		38FADE271BB982A500B58AA6 /* Base */ = {isa = PBXFileReference; lastKnownFileType = file.storyboard; name = Base; path = Base.lproj/LaunchScreen.storyboard; sourceTree = "<group>"; };
		38FADE291BB982A500B58AA6 /* Info.plist */ = {isa = PBXFileReference; lastKnownFileType = text.plist.xml; path = Info.plist; sourceTree = "<group>"; };
		38FADE2E1BB982A500B58AA6 /* ios-testTests.xctest */ = {isa = PBXFileReference; explicitFileType = wrapper.cfbundle; includeInIndex = 0; path = "ios-testTests.xctest"; sourceTree = BUILT_PRODUCTS_DIR; };
		38FADE321BB982A500B58AA6 /* ios_testTests.swift */ = {isa = PBXFileReference; lastKnownFileType = sourcecode.swift; path = ios_testTests.swift; sourceTree = "<group>"; };
		38FADE341BB982A500B58AA6 /* Info.plist */ = {isa = PBXFileReference; lastKnownFileType = text.plist.xml; path = Info.plist; sourceTree = "<group>"; };
		38FADE391BB982A500B58AA6 /* ios-testUITests.xctest */ = {isa = PBXFileReference; explicitFileType = wrapper.cfbundle; includeInIndex = 0; path = "ios-testUITests.xctest"; sourceTree = BUILT_PRODUCTS_DIR; };
		38FADE3D1BB982A500B58AA6 /* ios_testUITests.swift */ = {isa = PBXFileReference; lastKnownFileType = sourcecode.swift; path = ios_testUITests.swift; sourceTree = "<group>"; };
		38FADE3F1BB982A500B58AA6 /* Info.plist */ = {isa = PBXFileReference; lastKnownFileType = text.plist.xml; path = Info.plist; sourceTree = "<group>"; };
		F4614435E72BA320BF62FA50 /* Pods.framework */ = {isa = PBXFileReference; explicitFileType = wrapper.framework; includeInIndex = 0; path = Pods.framework; sourceTree = BUILT_PRODUCTS_DIR; };
/* End PBXFileReference section */

/* Begin PBXFrameworksBuildPhase section */
		381924DD1BC4066B005F8607 /* Frameworks */ = {
			isa = PBXFrameworksBuildPhase;
			buildActionMask = 2147483647;
			files = (
			);
			runOnlyForDeploymentPostprocessing = 0;
		};
		38FADE151BB982A500B58AA6 /* Frameworks */ = {
			isa = PBXFrameworksBuildPhase;
			buildActionMask = 2147483647;
			files = (
				783730EA22C0E61170C30EBD /* Pods.framework in Frameworks */,
			);
			runOnlyForDeploymentPostprocessing = 0;
		};
		38FADE2B1BB982A500B58AA6 /* Frameworks */ = {
			isa = PBXFrameworksBuildPhase;
			buildActionMask = 2147483647;
			files = (
			);
			runOnlyForDeploymentPostprocessing = 0;
		};
		38FADE361BB982A500B58AA6 /* Frameworks */ = {
			isa = PBXFrameworksBuildPhase;
			buildActionMask = 2147483647;
			files = (
			);
			runOnlyForDeploymentPostprocessing = 0;
		};
/* End PBXFrameworksBuildPhase section */

/* Begin PBXGroup section */
		381924D51BC4066B005F8607 /* watchkitapp */ = {
			isa = PBXGroup;
			children = (
				381924D61BC4066B005F8607 /* Interface.storyboard */,
				381924D91BC4066B005F8607 /* Assets.xcassets */,
				381924DB1BC4066B005F8607 /* Info.plist */,
			);
			path = watchkitapp;
			sourceTree = "<group>";
		};
		381924E41BC4066C005F8607 /* watchkitapp Extension */ = {
			isa = PBXGroup;
			children = (
				381924E71BC4066C005F8607 /* InterfaceController.swift */,
				381924E91BC4066C005F8607 /* ExtensionDelegate.swift */,
				381924EB1BC4066C005F8607 /* NotificationController.swift */,
				381924ED1BC4066C005F8607 /* Assets.xcassets */,
				381924EF1BC4066C005F8607 /* Info.plist */,
				381924E51BC4066C005F8607 /* Supporting Files */,
			);
			path = "watchkitapp Extension";
			sourceTree = "<group>";
		};
		381924E51BC4066C005F8607 /* Supporting Files */ = {
			isa = PBXGroup;
			children = (
				381924E61BC4066C005F8607 /* PushNotificationPayload.apns */,
			);
			name = "Supporting Files";
			sourceTree = "<group>";
		};
		38FADE0F1BB982A500B58AA6 = {
			isa = PBXGroup;
			children = (
				38FADE1A1BB982A500B58AA6 /* ios-test */,
				38FADE311BB982A500B58AA6 /* ios-testTests */,
				38FADE3C1BB982A500B58AA6 /* ios-testUITests */,
				381924D51BC4066B005F8607 /* watchkitapp */,
				381924E41BC4066C005F8607 /* watchkitapp Extension */,
				38FADE191BB982A500B58AA6 /* Products */,
				B5706CE8B9CA925A9087E847 /* Pods */,
				B6214EE548BC6161A51FFBDD /* Frameworks */,
			);
			sourceTree = "<group>";
		};
		38FADE191BB982A500B58AA6 /* Products */ = {
			isa = PBXGroup;
			children = (
				38FADE181BB982A500B58AA6 /* ios-test.app */,
				38FADE2E1BB982A500B58AA6 /* ios-testTests.xctest */,
				38FADE391BB982A500B58AA6 /* ios-testUITests.xctest */,
				381924D41BC4066B005F8607 /* watchkitapp.app */,
				381924E01BC4066B005F8607 /* watchkitapp Extension.appex */,
			);
			name = Products;
			sourceTree = "<group>";
		};
		38FADE1A1BB982A500B58AA6 /* ios-test */ = {
			isa = PBXGroup;
			children = (
				38FADE1B1BB982A500B58AA6 /* AppDelegate.swift */,
				38FADE1D1BB982A500B58AA6 /* MasterViewController.swift */,
				38FADE1F1BB982A500B58AA6 /* DetailViewController.swift */,
				38FADE211BB982A500B58AA6 /* Main.storyboard */,
				38FADE241BB982A500B58AA6 /* Assets.xcassets */,
				38FADE261BB982A500B58AA6 /* LaunchScreen.storyboard */,
				38FADE291BB982A500B58AA6 /* Info.plist */,
			);
			path = "ios-test";
			sourceTree = "<group>";
		};
		38FADE311BB982A500B58AA6 /* ios-testTests */ = {
			isa = PBXGroup;
			children = (
				38FADE321BB982A500B58AA6 /* ios_testTests.swift */,
				38FADE341BB982A500B58AA6 /* Info.plist */,
			);
			path = "ios-testTests";
			sourceTree = "<group>";
		};
		38FADE3C1BB982A500B58AA6 /* ios-testUITests */ = {
			isa = PBXGroup;
			children = (
				38FADE3D1BB982A500B58AA6 /* ios_testUITests.swift */,
				38FADE3F1BB982A500B58AA6 /* Info.plist */,
			);
			path = "ios-testUITests";
			sourceTree = "<group>";
		};
		B5706CE8B9CA925A9087E847 /* Pods */ = {
			isa = PBXGroup;
			children = (
				267FD3041094AE110CC0BB3E /* Pods.debug.xcconfig */,
				14F2A4A7957168D2736FE75D /* Pods.release.xcconfig */,
			);
			name = Pods;
			sourceTree = "<group>";
		};
		B6214EE548BC6161A51FFBDD /* Frameworks */ = {
			isa = PBXGroup;
			children = (
				F4614435E72BA320BF62FA50 /* Pods.framework */,
			);
			name = Frameworks;
			sourceTree = "<group>";
		};
/* End PBXGroup section */

/* Begin PBXNativeTarget section */
		381924D31BC4066B005F8607 /* watchkitapp */ = {
			isa = PBXNativeTarget;
			buildConfigurationList = 381924F71BC4066C005F8607 /* Build configuration list for PBXNativeTarget "watchkitapp" */;
			buildPhases = (
				381924D21BC4066B005F8607 /* Resources */,
				381924F61BC4066C005F8607 /* Embed App Extensions */,
			);
			buildRules = (
			);
			dependencies = (
				381924E31BC4066C005F8607 /* PBXTargetDependency */,
			);
			name = watchkitapp;
			productName = watchkitapp;
			productReference = 381924D41BC4066B005F8607 /* watchkitapp.app */;
			productType = "com.apple.product-type.application.watchapp2";
		};
		381924DF1BC4066B005F8607 /* watchkitapp Extension */ = {
			isa = PBXNativeTarget;
			buildConfigurationList = 381924F31BC4066C005F8607 /* Build configuration list for PBXNativeTarget "watchkitapp Extension" */;
			buildPhases = (
				381924DC1BC4066B005F8607 /* Sources */,
				381924DD1BC4066B005F8607 /* Frameworks */,
				381924DE1BC4066B005F8607 /* Resources */,
			);
			buildRules = (
			);
			dependencies = (
			);
			name = "watchkitapp Extension";
			productName = "watchkitapp Extension";
			productReference = 381924E01BC4066B005F8607 /* watchkitapp Extension.appex */;
			productType = "com.apple.product-type.watchkit2-extension";
		};
		38FADE171BB982A500B58AA6 /* ios-test */ = {
			isa = PBXNativeTarget;
			buildConfigurationList = 38FADE421BB982A500B58AA6 /* Build configuration list for PBXNativeTarget "ios-test" */;
			buildPhases = (
				7B4B77F21A99F49E1AD3C0C5 /* Check Pods Manifest.lock */,
				38FADE141BB982A500B58AA6 /* Sources */,
				38FADE151BB982A500B58AA6 /* Frameworks */,
				38FADE161BB982A500B58AA6 /* Resources */,
				4BA58845336DFB99020396B4 /* Embed Pods Frameworks */,
				16F8F4B1EF8508AE165F1CEA /* Copy Pods Resources */,
				381924FA1BC4066C005F8607 /* Embed Watch Content */,
			);
			buildRules = (
			);
			dependencies = (
				381924F11BC4066C005F8607 /* PBXTargetDependency */,
			);
			name = "ios-test";
			productName = "ios-test";
			productReference = 38FADE181BB982A500B58AA6 /* ios-test.app */;
			productType = "com.apple.product-type.application";
		};
		38FADE2D1BB982A500B58AA6 /* ios-testTests */ = {
			isa = PBXNativeTarget;
			buildConfigurationList = 38FADE451BB982A500B58AA6 /* Build configuration list for PBXNativeTarget "ios-testTests" */;
			buildPhases = (
				38FADE2A1BB982A500B58AA6 /* Sources */,
				38FADE2B1BB982A500B58AA6 /* Frameworks */,
				38FADE2C1BB982A500B58AA6 /* Resources */,
			);
			buildRules = (
			);
			dependencies = (
				38FADE301BB982A500B58AA6 /* PBXTargetDependency */,
			);
			name = "ios-testTests";
			productName = "ios-testTests";
			productReference = 38FADE2E1BB982A500B58AA6 /* ios-testTests.xctest */;
			productType = "com.apple.product-type.bundle.unit-test";
		};
		38FADE381BB982A500B58AA6 /* ios-testUITests */ = {
			isa = PBXNativeTarget;
			buildConfigurationList = 38FADE481BB982A500B58AA6 /* Build configuration list for PBXNativeTarget "ios-testUITests" */;
			buildPhases = (
				38FADE351BB982A500B58AA6 /* Sources */,
				38FADE361BB982A500B58AA6 /* Frameworks */,
				38FADE371BB982A500B58AA6 /* Resources */,
			);
			buildRules = (
			);
			dependencies = (
				38FADE3B1BB982A500B58AA6 /* PBXTargetDependency */,
			);
			name = "ios-testUITests";
			productName = "ios-testUITests";
			productReference = 38FADE391BB982A500B58AA6 /* ios-testUITests.xctest */;
			productType = "com.apple.product-type.bundle.ui-testing";
		};
/* End PBXNativeTarget section */

/* Begin PBXProject section */
		38FADE101BB982A500B58AA6 /* Project object */ = {
			isa = PBXProject;
			attributes = {
				LastUpgradeCheck = 0700;
				ORGANIZATIONNAME = "Priit Latt";
				TargetAttributes = {
					381924D31BC4066B005F8607 = {
						CreatedOnToolsVersion = 7.0;
						DevelopmentTeam = 58L39YKB7N;
					};
					381924DF1BC4066B005F8607 = {
						CreatedOnToolsVersion = 7.0;
					};
					38FADE171BB982A500B58AA6 = {
						CreatedOnToolsVersion = 7.0;
						DevelopmentTeam = 58L39YKB7N;
					};
					38FADE2D1BB982A500B58AA6 = {
						CreatedOnToolsVersion = 7.0;
						DevelopmentTeam = T44NESVEFN;
						TestTargetID = 38FADE171BB982A500B58AA6;
					};
					38FADE381BB982A500B58AA6 = {
						CreatedOnToolsVersion = 7.0;
						DevelopmentTeam = T44NESVEFN;
						TestTargetID = 38FADE171BB982A500B58AA6;
					};
				};
			};
			buildConfigurationList = 38FADE131BB982A500B58AA6 /* Build configuration list for PBXProject "ios-test" */;
			compatibilityVersion = "Xcode 3.2";
			developmentRegion = English;
			hasScannedForEncodings = 0;
			knownRegions = (
				en,
				Base,
			);
			mainGroup = 38FADE0F1BB982A500B58AA6;
			productRefGroup = 38FADE191BB982A500B58AA6 /* Products */;
			projectDirPath = "";
			projectRoot = "";
			targets = (
				38FADE171BB982A500B58AA6 /* ios-test */,
				38FADE2D1BB982A500B58AA6 /* ios-testTests */,
				38FADE381BB982A500B58AA6 /* ios-testUITests */,
				381924D31BC4066B005F8607 /* watchkitapp */,
				381924DF1BC4066B005F8607 /* watchkitapp Extension */,
			);
		};
/* End PBXProject section */

/* Begin PBXResourcesBuildPhase section */
		381924D21BC4066B005F8607 /* Resources */ = {
			isa = PBXResourcesBuildPhase;
			buildActionMask = 2147483647;
			files = (
				381924DA1BC4066B005F8607 /* Assets.xcassets in Resources */,
				381924D81BC4066B005F8607 /* Interface.storyboard in Resources */,
			);
			runOnlyForDeploymentPostprocessing = 0;
		};
		381924DE1BC4066B005F8607 /* Resources */ = {
			isa = PBXResourcesBuildPhase;
			buildActionMask = 2147483647;
			files = (
				381924EE1BC4066C005F8607 /* Assets.xcassets in Resources */,
			);
			runOnlyForDeploymentPostprocessing = 0;
		};
		38FADE161BB982A500B58AA6 /* Resources */ = {
			isa = PBXResourcesBuildPhase;
			buildActionMask = 2147483647;
			files = (
				38FADE281BB982A500B58AA6 /* LaunchScreen.storyboard in Resources */,
				38FADE251BB982A500B58AA6 /* Assets.xcassets in Resources */,
				38FADE231BB982A500B58AA6 /* Main.storyboard in Resources */,
			);
			runOnlyForDeploymentPostprocessing = 0;
		};
		38FADE2C1BB982A500B58AA6 /* Resources */ = {
			isa = PBXResourcesBuildPhase;
			buildActionMask = 2147483647;
			files = (
			);
			runOnlyForDeploymentPostprocessing = 0;
		};
		38FADE371BB982A500B58AA6 /* Resources */ = {
			isa = PBXResourcesBuildPhase;
			buildActionMask = 2147483647;
			files = (
			);
			runOnlyForDeploymentPostprocessing = 0;
		};
/* End PBXResourcesBuildPhase section */

/* Begin PBXShellScriptBuildPhase section */
		16F8F4B1EF8508AE165F1CEA /* Copy Pods Resources */ = {
			isa = PBXShellScriptBuildPhase;
			buildActionMask = 2147483647;
			files = (
			);
			inputPaths = (
			);
			name = "Copy Pods Resources";
			outputPaths = (
			);
			runOnlyForDeploymentPostprocessing = 0;
			shellPath = /bin/sh;
			shellScript = "\"${SRCROOT}/../Pods/Target Support Files/Pods/Pods-resources.sh\"\n";
			showEnvVarsInLog = 0;
		};
		4BA58845336DFB99020396B4 /* Embed Pods Frameworks */ = {
			isa = PBXShellScriptBuildPhase;
			buildActionMask = 2147483647;
			files = (
			);
			inputPaths = (
			);
			name = "Embed Pods Frameworks";
			outputPaths = (
			);
			runOnlyForDeploymentPostprocessing = 0;
			shellPath = /bin/sh;
			shellScript = "\"${SRCROOT}/../Pods/Target Support Files/Pods/Pods-frameworks.sh\"\n";
			showEnvVarsInLog = 0;
		};
		7B4B77F21A99F49E1AD3C0C5 /* Check Pods Manifest.lock */ = {
			isa = PBXShellScriptBuildPhase;
			buildActionMask = 2147483647;
			files = (
			);
			inputPaths = (
			);
			name = "Check Pods Manifest.lock";
			outputPaths = (
			);
			runOnlyForDeploymentPostprocessing = 0;
			shellPath = /bin/sh;
			shellScript = "diff \"${PODS_ROOT}/../Podfile.lock\" \"${PODS_ROOT}/Manifest.lock\" > /dev/null\nif [[ $? != 0 ]] ; then\n    cat << EOM\nerror: The sandbox is not in sync with the Podfile.lock. Run 'pod install' or update your CocoaPods installation.\nEOM\n    exit 1\nfi\n";
			showEnvVarsInLog = 0;
		};
/* End PBXShellScriptBuildPhase section */

/* Begin PBXSourcesBuildPhase section */
		381924DC1BC4066B005F8607 /* Sources */ = {
			isa = PBXSourcesBuildPhase;
			buildActionMask = 2147483647;
			files = (
				381924EC1BC4066C005F8607 /* NotificationController.swift in Sources */,
				381924EA1BC4066C005F8607 /* ExtensionDelegate.swift in Sources */,
				381924E81BC4066C005F8607 /* InterfaceController.swift in Sources */,
			);
			runOnlyForDeploymentPostprocessing = 0;
		};
		38FADE141BB982A500B58AA6 /* Sources */ = {
			isa = PBXSourcesBuildPhase;
			buildActionMask = 2147483647;
			files = (
				38FADE201BB982A500B58AA6 /* DetailViewController.swift in Sources */,
				38FADE1E1BB982A500B58AA6 /* MasterViewController.swift in Sources */,
				38FADE1C1BB982A500B58AA6 /* AppDelegate.swift in Sources */,
			);
			runOnlyForDeploymentPostprocessing = 0;
		};
		38FADE2A1BB982A500B58AA6 /* Sources */ = {
			isa = PBXSourcesBuildPhase;
			buildActionMask = 2147483647;
			files = (
				38FADE331BB982A500B58AA6 /* ios_testTests.swift in Sources */,
			);
			runOnlyForDeploymentPostprocessing = 0;
		};
		38FADE351BB982A500B58AA6 /* Sources */ = {
			isa = PBXSourcesBuildPhase;
			buildActionMask = 2147483647;
			files = (
				38FADE3E1BB982A500B58AA6 /* ios_testUITests.swift in Sources */,
			);
			runOnlyForDeploymentPostprocessing = 0;
		};
/* End PBXSourcesBuildPhase section */

/* Begin PBXTargetDependency section */
		381924E31BC4066C005F8607 /* PBXTargetDependency */ = {
			isa = PBXTargetDependency;
			target = 381924DF1BC4066B005F8607 /* watchkitapp Extension */;
			targetProxy = 381924E21BC4066C005F8607 /* PBXContainerItemProxy */;
		};
		381924F11BC4066C005F8607 /* PBXTargetDependency */ = {
			isa = PBXTargetDependency;
			target = 381924D31BC4066B005F8607 /* watchkitapp */;
			targetProxy = 381924F01BC4066C005F8607 /* PBXContainerItemProxy */;
		};
		38FADE301BB982A500B58AA6 /* PBXTargetDependency */ = {
			isa = PBXTargetDependency;
			target = 38FADE171BB982A500B58AA6 /* ios-test */;
			targetProxy = 38FADE2F1BB982A500B58AA6 /* PBXContainerItemProxy */;
		};
		38FADE3B1BB982A500B58AA6 /* PBXTargetDependency */ = {
			isa = PBXTargetDependency;
			target = 38FADE171BB982A500B58AA6 /* ios-test */;
			targetProxy = 38FADE3A1BB982A500B58AA6 /* PBXContainerItemProxy */;
		};
/* End PBXTargetDependency section */

/* Begin PBXVariantGroup section */
		381924D61BC4066B005F8607 /* Interface.storyboard */ = {
			isa = PBXVariantGroup;
			children = (
				381924D71BC4066B005F8607 /* Base */,
			);
			name = Interface.storyboard;
			sourceTree = "<group>";
		};
		38FADE211BB982A500B58AA6 /* Main.storyboard */ = {
			isa = PBXVariantGroup;
			children = (
				38FADE221BB982A500B58AA6 /* Base */,
			);
			name = Main.storyboard;
			sourceTree = "<group>";
		};
		38FADE261BB982A500B58AA6 /* LaunchScreen.storyboard */ = {
			isa = PBXVariantGroup;
			children = (
				38FADE271BB982A500B58AA6 /* Base */,
			);
			name = LaunchScreen.storyboard;
			sourceTree = "<group>";
		};
/* End PBXVariantGroup section */

/* Begin XCBuildConfiguration section */
		381924F41BC4066C005F8607 /* Debug */ = {
			isa = XCBuildConfiguration;
			buildSettings = {
				INFOPLIST_FILE = "watchkitapp Extension/Info.plist";
				LD_RUNPATH_SEARCH_PATHS = "$(inherited) @executable_path/Frameworks @executable_path/../../Frameworks";
				PRODUCT_BUNDLE_IDENTIFIER = "mobi.lab.ios-test.watchkitapp.watchkitextension";
				PRODUCT_NAME = "${TARGET_NAME}";
				SDKROOT = watchos;
				SKIP_INSTALL = YES;
				TARGETED_DEVICE_FAMILY = 4;
				WATCHOS_DEPLOYMENT_TARGET = 2.0;
			};
			name = Debug;
		};
		381924F51BC4066C005F8607 /* Release */ = {
			isa = XCBuildConfiguration;
			buildSettings = {
				INFOPLIST_FILE = "watchkitapp Extension/Info.plist";
				LD_RUNPATH_SEARCH_PATHS = "$(inherited) @executable_path/Frameworks @executable_path/../../Frameworks";
				PRODUCT_BUNDLE_IDENTIFIER = "mobi.lab.ios-test.watchkitapp.watchkitextension";
				PRODUCT_NAME = "${TARGET_NAME}";
				SDKROOT = watchos;
				SKIP_INSTALL = YES;
				TARGETED_DEVICE_FAMILY = 4;
				WATCHOS_DEPLOYMENT_TARGET = 2.0;
			};
			name = Release;
		};
		381924F81BC4066C005F8607 /* Debug */ = {
			isa = XCBuildConfiguration;
			buildSettings = {
				ASSETCATALOG_COMPILER_APPICON_NAME = AppIcon;
				CODE_SIGN_IDENTITY = "iPhone Developer";
				EMBEDDED_CONTENT_CONTAINS_SWIFT = YES;
				IBSC_MODULE = watchkitapp_Extension;
				INFOPLIST_FILE = watchkitapp/Info.plist;
				PRODUCT_BUNDLE_IDENTIFIER = "mobi.lab.ios-test.watchkitapp";
				PRODUCT_NAME = "$(TARGET_NAME)";
				SDKROOT = watchos;
				SKIP_INSTALL = YES;
				TARGETED_DEVICE_FAMILY = 4;
				WATCHOS_DEPLOYMENT_TARGET = 2.0;
			};
			name = Debug;
		};
		381924F91BC4066C005F8607 /* Release */ = {
			isa = XCBuildConfiguration;
			buildSettings = {
				ASSETCATALOG_COMPILER_APPICON_NAME = AppIcon;
				CODE_SIGN_IDENTITY = "iPhone Developer";
				EMBEDDED_CONTENT_CONTAINS_SWIFT = YES;
				IBSC_MODULE = watchkitapp_Extension;
				INFOPLIST_FILE = watchkitapp/Info.plist;
				PRODUCT_BUNDLE_IDENTIFIER = "mobi.lab.ios-test.watchkitapp";
				PRODUCT_NAME = "$(TARGET_NAME)";
				SDKROOT = watchos;
				SKIP_INSTALL = YES;
				TARGETED_DEVICE_FAMILY = 4;
				WATCHOS_DEPLOYMENT_TARGET = 2.0;
			};
			name = Release;
		};
		38FADE401BB982A500B58AA6 /* Debug */ = {
			isa = XCBuildConfiguration;
			buildSettings = {
				ALWAYS_SEARCH_USER_PATHS = NO;
				CLANG_CXX_LANGUAGE_STANDARD = "gnu++0x";
				CLANG_CXX_LIBRARY = "libc++";
				CLANG_ENABLE_MODULES = YES;
				CLANG_ENABLE_OBJC_ARC = YES;
				CLANG_WARN_BOOL_CONVERSION = YES;
				CLANG_WARN_CONSTANT_CONVERSION = YES;
				CLANG_WARN_DIRECT_OBJC_ISA_USAGE = YES_ERROR;
				CLANG_WARN_EMPTY_BODY = YES;
				CLANG_WARN_ENUM_CONVERSION = YES;
				CLANG_WARN_INT_CONVERSION = YES;
				CLANG_WARN_OBJC_ROOT_CLASS = YES_ERROR;
				CLANG_WARN_UNREACHABLE_CODE = YES;
				CLANG_WARN__DUPLICATE_METHOD_MATCH = YES;
				"CODE_SIGN_IDENTITY[sdk=iphoneos*]" = "iPhone Developer";
				COPY_PHASE_STRIP = NO;
				DEBUG_INFORMATION_FORMAT = dwarf;
				ENABLE_STRICT_OBJC_MSGSEND = YES;
				ENABLE_TESTABILITY = YES;
				GCC_C_LANGUAGE_STANDARD = gnu99;
				GCC_DYNAMIC_NO_PIC = NO;
				GCC_NO_COMMON_BLOCKS = YES;
				GCC_OPTIMIZATION_LEVEL = 0;
				GCC_PREPROCESSOR_DEFINITIONS = (
					"DEBUG=1",
					"$(inherited)",
				);
				GCC_WARN_64_TO_32_BIT_CONVERSION = YES;
				GCC_WARN_ABOUT_RETURN_TYPE = YES_ERROR;
				GCC_WARN_UNDECLARED_SELECTOR = YES;
				GCC_WARN_UNINITIALIZED_AUTOS = YES_AGGRESSIVE;
				GCC_WARN_UNUSED_FUNCTION = YES;
				GCC_WARN_UNUSED_VARIABLE = YES;
				IPHONEOS_DEPLOYMENT_TARGET = 9.0;
				MTL_ENABLE_DEBUG_INFO = YES;
				ONLY_ACTIVE_ARCH = YES;
				SDKROOT = iphoneos;
				SWIFT_OPTIMIZATION_LEVEL = "-Onone";
				TARGETED_DEVICE_FAMILY = "1,2";
			};
			name = Debug;
		};
		38FADE411BB982A500B58AA6 /* Release */ = {
			isa = XCBuildConfiguration;
			buildSettings = {
				ALWAYS_SEARCH_USER_PATHS = NO;
				CLANG_CXX_LANGUAGE_STANDARD = "gnu++0x";
				CLANG_CXX_LIBRARY = "libc++";
				CLANG_ENABLE_MODULES = YES;
				CLANG_ENABLE_OBJC_ARC = YES;
				CLANG_WARN_BOOL_CONVERSION = YES;
				CLANG_WARN_CONSTANT_CONVERSION = YES;
				CLANG_WARN_DIRECT_OBJC_ISA_USAGE = YES_ERROR;
				CLANG_WARN_EMPTY_BODY = YES;
				CLANG_WARN_ENUM_CONVERSION = YES;
				CLANG_WARN_INT_CONVERSION = YES;
				CLANG_WARN_OBJC_ROOT_CLASS = YES_ERROR;
				CLANG_WARN_UNREACHABLE_CODE = YES;
				CLANG_WARN__DUPLICATE_METHOD_MATCH = YES;
				"CODE_SIGN_IDENTITY[sdk=iphoneos*]" = "iPhone Developer";
				COPY_PHASE_STRIP = NO;
				DEBUG_INFORMATION_FORMAT = "dwarf-with-dsym";
				ENABLE_NS_ASSERTIONS = NO;
				ENABLE_STRICT_OBJC_MSGSEND = YES;
				GCC_C_LANGUAGE_STANDARD = gnu99;
				GCC_NO_COMMON_BLOCKS = YES;
				GCC_WARN_64_TO_32_BIT_CONVERSION = YES;
				GCC_WARN_ABOUT_RETURN_TYPE = YES_ERROR;
				GCC_WARN_UNDECLARED_SELECTOR = YES;
				GCC_WARN_UNINITIALIZED_AUTOS = YES_AGGRESSIVE;
				GCC_WARN_UNUSED_FUNCTION = YES;
				GCC_WARN_UNUSED_VARIABLE = YES;
				IPHONEOS_DEPLOYMENT_TARGET = 9.0;
				MTL_ENABLE_DEBUG_INFO = NO;
				SDKROOT = iphoneos;
				TARGETED_DEVICE_FAMILY = "1,2";
				VALIDATE_PRODUCT = YES;
			};
			name = Release;
		};
		38FADE431BB982A500B58AA6 /* Debug */ = {
			isa = XCBuildConfiguration;
			baseConfigurationReference = 267FD3041094AE110CC0BB3E /* Pods.debug.xcconfig */;
			buildSettings = {
				ASSETCATALOG_COMPILER_APPICON_NAME = AppIcon;
				CODE_SIGN_IDENTITY = "iPhone Developer";
				INFOPLIST_FILE = "ios-test/Info.plist";
				LD_RUNPATH_SEARCH_PATHS = "$(inherited) @executable_path/Frameworks";
				PRODUCT_BUNDLE_IDENTIFIER = "mobi.lab.ios-test";
				PRODUCT_NAME = "$(TARGET_NAME)";
				SDKROOT = iphoneos;
			};
			name = Debug;
		};
		38FADE441BB982A500B58AA6 /* Release */ = {
			isa = XCBuildConfiguration;
			baseConfigurationReference = 14F2A4A7957168D2736FE75D /* Pods.release.xcconfig */;
			buildSettings = {
				ASSETCATALOG_COMPILER_APPICON_NAME = AppIcon;
				CODE_SIGN_IDENTITY = "iPhone Developer";
				INFOPLIST_FILE = "ios-test/Info.plist";
				LD_RUNPATH_SEARCH_PATHS = "$(inherited) @executable_path/Frameworks";
				PRODUCT_BUNDLE_IDENTIFIER = "mobi.lab.ios-test";
				PRODUCT_NAME = "$(TARGET_NAME)";
				SDKROOT = iphoneos;
			};
			name = Release;
		};
		38FADE461BB982A500B58AA6 /* Debug */ = {
			isa = XCBuildConfiguration;
			buildSettings = {
				BUNDLE_LOADER = "$(TEST_HOST)";
				INFOPLIST_FILE = "ios-testTests/Info.plist";
				LD_RUNPATH_SEARCH_PATHS = "$(inherited) @executable_path/Frameworks @loader_path/Frameworks";
				PRODUCT_BUNDLE_IDENTIFIER = "com.priitlatt.ios-testTests";
				PRODUCT_NAME = "$(TARGET_NAME)";
				TEST_HOST = "$(BUILT_PRODUCTS_DIR)/ios-test.app/ios-test";
			};
			name = Debug;
		};
		38FADE471BB982A500B58AA6 /* Release */ = {
			isa = XCBuildConfiguration;
			buildSettings = {
				BUNDLE_LOADER = "$(TEST_HOST)";
				INFOPLIST_FILE = "ios-testTests/Info.plist";
				LD_RUNPATH_SEARCH_PATHS = "$(inherited) @executable_path/Frameworks @loader_path/Frameworks";
				PRODUCT_BUNDLE_IDENTIFIER = "com.priitlatt.ios-testTests";
				PRODUCT_NAME = "$(TARGET_NAME)";
				TEST_HOST = "$(BUILT_PRODUCTS_DIR)/ios-test.app/ios-test";
			};
			name = Release;
		};
		38FADE491BB982A500B58AA6 /* Debug */ = {
			isa = XCBuildConfiguration;
			buildSettings = {
				INFOPLIST_FILE = "ios-testUITests/Info.plist";
				LD_RUNPATH_SEARCH_PATHS = "$(inherited) @executable_path/Frameworks @loader_path/Frameworks";
				PRODUCT_BUNDLE_IDENTIFIER = "com.priitlatt.ios-testUITests";
				PRODUCT_NAME = "$(TARGET_NAME)";
				TEST_TARGET_NAME = "ios-test";
				USES_XCTRUNNER = YES;
			};
			name = Debug;
		};
		38FADE4A1BB982A500B58AA6 /* Release */ = {
			isa = XCBuildConfiguration;
			buildSettings = {
				INFOPLIST_FILE = "ios-testUITests/Info.plist";
				LD_RUNPATH_SEARCH_PATHS = "$(inherited) @executable_path/Frameworks @loader_path/Frameworks";
				PRODUCT_BUNDLE_IDENTIFIER = "com.priitlatt.ios-testUITests";
				PRODUCT_NAME = "$(TARGET_NAME)";
				TEST_TARGET_NAME = "ios-test";
				USES_XCTRUNNER = YES;
			};
			name = Release;
		};
/* End XCBuildConfiguration section */

/* Begin XCConfigurationList section */
		381924F31BC4066C005F8607 /* Build configuration list for PBXNativeTarget "watchkitapp Extension" */ = {
			isa = XCConfigurationList;
			buildConfigurations = (
				381924F41BC4066C005F8607 /* Debug */,
				381924F51BC4066C005F8607 /* Release */,
			);
			defaultConfigurationIsVisible = 0;
		};
		381924F71BC4066C005F8607 /* Build configuration list for PBXNativeTarget "watchkitapp" */ = {
			isa = XCConfigurationList;
			buildConfigurations = (
				381924F81BC4066C005F8607 /* Debug */,
				381924F91BC4066C005F8607 /* Release */,
			);
			defaultConfigurationIsVisible = 0;
		};
		38FADE131BB982A500B58AA6 /* Build configuration list for PBXProject "ios-test" */ = {
			isa = XCConfigurationList;
			buildConfigurations = (
				38FADE401BB982A500B58AA6 /* Debug */,
				38FADE411BB982A500B58AA6 /* Release */,
			);
			defaultConfigurationIsVisible = 0;
			defaultConfigurationName = Release;
		};
		38FADE421BB982A500B58AA6 /* Build configuration list for PBXNativeTarget "ios-test" */ = {
			isa = XCConfigurationList;
			buildConfigurations = (
				38FADE431BB982A500B58AA6 /* Debug */,
				38FADE441BB982A500B58AA6 /* Release */,
			);
			defaultConfigurationIsVisible = 0;
			defaultConfigurationName = Release;
		};
		38FADE451BB982A500B58AA6 /* Build configuration list for PBXNativeTarget "ios-testTests" */ = {
			isa = XCConfigurationList;
			buildConfigurations = (
				38FADE461BB982A500B58AA6 /* Debug */,
				38FADE471BB982A500B58AA6 /* Release */,
			);
			defaultConfigurationIsVisible = 0;
			defaultConfigurationName = Release;
		};
		38FADE481BB982A500B58AA6 /* Build configuration list for PBXNativeTarget "ios-testUITests" */ = {
			isa = XCConfigurationList;
			buildConfigurations = (
				38FADE491BB982A500B58AA6 /* Debug */,
				38FADE4A1BB982A500B58AA6 /* Release */,
			);
			defaultConfigurationIsVisible = 0;
			defaultConfigurationName = Release;
		};
/* End XCConfigurationList section */
	};
	rootObject = 38FADE101BB982A500B58AA6 /* Project object */;
}
